// !$*UTF8*$!
{
	archiveVersion = 1;
	classes = {
	};
	objectVersion = 50;
	objects = {

/* Begin PBXBuildFile section */
		8F53FA55249177B100BBFB99 /* main.m in Sources */ = {isa = PBXBuildFile; fileRef = 8F53FA54249177B100BBFB99 /* main.m */; };
		8F53FA5B249177CA00BBFB99 /* Person.m in Sources */ = {isa = PBXBuildFile; fileRef = 8F53FA5A249177CA00BBFB99 /* Person.m */; };
		8F5EF91324709F3200075F1D /* main.m in Sources */ = {isa = PBXBuildFile; fileRef = 8F5EF91224709F3200075F1D /* main.m */; };
		8F89A952246854DA008BD0B5 /* main.m in Sources */ = {isa = PBXBuildFile; fileRef = 8F89A951246854DA008BD0B5 /* main.m */; };
		8FE6844A24733A0900061561 /* Person.m in Sources */ = {isa = PBXBuildFile; fileRef = 8FE6844924733A0900061561 /* Person.m */; };
/* End PBXBuildFile section */

/* Begin PBXCopyFilesBuildPhase section */
		8F53FA50249177B100BBFB99 /* CopyFiles */ = {
			isa = PBXCopyFilesBuildPhase;
			buildActionMask = 2147483647;
			dstPath = /usr/share/man/man1/;
			dstSubfolderSpec = 0;
			files = (
			);
			runOnlyForDeploymentPostprocessing = 1;
		};
		8F5EF90E24709F3200075F1D /* CopyFiles */ = {
			isa = PBXCopyFilesBuildPhase;
			buildActionMask = 2147483647;
			dstPath = /usr/share/man/man1/;
			dstSubfolderSpec = 0;
			files = (
			);
			runOnlyForDeploymentPostprocessing = 1;
		};
		8F89A94C246854DA008BD0B5 /* CopyFiles */ = {
			isa = PBXCopyFilesBuildPhase;
			buildActionMask = 2147483647;
			dstPath = /usr/share/man/man1/;
			dstSubfolderSpec = 0;
			files = (
			);
			runOnlyForDeploymentPostprocessing = 1;
		};
/* End PBXCopyFilesBuildPhase section */

/* Begin PBXFileReference section */
		8F53FA52249177B100BBFB99 /* Classes */ = {isa = PBXFileReference; explicitFileType = "compiled.mach-o.executable"; includeInIndex = 0; path = Classes; sourceTree = BUILT_PRODUCTS_DIR; };
		8F53FA54249177B100BBFB99 /* main.m */ = {isa = PBXFileReference; lastKnownFileType = sourcecode.c.objc; path = main.m; sourceTree = "<group>"; };
		8F53FA59249177CA00BBFB99 /* Person.h */ = {isa = PBXFileReference; lastKnownFileType = sourcecode.c.h; path = Person.h; sourceTree = "<group>"; };
		8F53FA5A249177CA00BBFB99 /* Person.m */ = {isa = PBXFileReference; lastKnownFileType = sourcecode.c.objc; path = Person.m; sourceTree = "<group>"; };
		8F5EF91024709F3200075F1D /* Hangman */ = {isa = PBXFileReference; explicitFileType = "compiled.mach-o.executable"; includeInIndex = 0; path = Hangman; sourceTree = BUILT_PRODUCTS_DIR; };
		8F5EF91224709F3200075F1D /* main.m */ = {isa = PBXFileReference; lastKnownFileType = sourcecode.c.objc; path = main.m; sourceTree = "<group>"; };
		8F89A94E246854DA008BD0B5 /* ObjcExample */ = {isa = PBXFileReference; explicitFileType = "compiled.mach-o.executable"; includeInIndex = 0; path = ObjcExample; sourceTree = BUILT_PRODUCTS_DIR; };
		8F89A951246854DA008BD0B5 /* main.m */ = {isa = PBXFileReference; lastKnownFileType = sourcecode.c.objc; path = main.m; sourceTree = "<group>"; };
		8FE6844824733A0900061561 /* Person.h */ = {isa = PBXFileReference; lastKnownFileType = sourcecode.c.h; path = Person.h; sourceTree = "<group>"; };
		8FE6844924733A0900061561 /* Person.m */ = {isa = PBXFileReference; lastKnownFileType = sourcecode.c.objc; path = Person.m; sourceTree = "<group>"; };
/* End PBXFileReference section */

/* Begin PBXFrameworksBuildPhase section */
		8F53FA4F249177B100BBFB99 /* Frameworks */ = {
			isa = PBXFrameworksBuildPhase;
			buildActionMask = 2147483647;
			files = (
			);
			runOnlyForDeploymentPostprocessing = 0;
		};
		8F5EF90D24709F3200075F1D /* Frameworks */ = {
			isa = PBXFrameworksBuildPhase;
			buildActionMask = 2147483647;
			files = (
			);
			runOnlyForDeploymentPostprocessing = 0;
		};
		8F89A94B246854DA008BD0B5 /* Frameworks */ = {
			isa = PBXFrameworksBuildPhase;
			buildActionMask = 2147483647;
			files = (
			);
			runOnlyForDeploymentPostprocessing = 0;
		};
/* End PBXFrameworksBuildPhase section */

/* Begin PBXGroup section */
		8F53FA53249177B100BBFB99 /* Classes */ = {
			isa = PBXGroup;
			children = (
				8F53FA54249177B100BBFB99 /* main.m */,
				8F53FA59249177CA00BBFB99 /* Person.h */,
				8F53FA5A249177CA00BBFB99 /* Person.m */,
			);
			path = Classes;
			sourceTree = "<group>";
		};
		8F5EF91124709F3200075F1D /* Hangman */ = {
			isa = PBXGroup;
			children = (
				8F5EF91224709F3200075F1D /* main.m */,
			);
			path = Hangman;
			sourceTree = "<group>";
		};
		8F89A945246854DA008BD0B5 = {
			isa = PBXGroup;
			children = (
				8F89A950246854DA008BD0B5 /* ObjcExample */,
				8F5EF91124709F3200075F1D /* Hangman */,
				8F53FA53249177B100BBFB99 /* Classes */,
				8F89A94F246854DA008BD0B5 /* Products */,
			);
			sourceTree = "<group>";
		};
		8F89A94F246854DA008BD0B5 /* Products */ = {
			isa = PBXGroup;
			children = (
				8F89A94E246854DA008BD0B5 /* ObjcExample */,
				8F5EF91024709F3200075F1D /* Hangman */,
				8F53FA52249177B100BBFB99 /* Classes */,
			);
			name = Products;
			sourceTree = "<group>";
		};
		8F89A950246854DA008BD0B5 /* ObjcExample */ = {
			isa = PBXGroup;
			children = (
				8F89A951246854DA008BD0B5 /* main.m */,
				8FE6844824733A0900061561 /* Person.h */,
				8FE6844924733A0900061561 /* Person.m */,
			);
			path = ObjcExample;
			sourceTree = "<group>";
		};
/* End PBXGroup section */

/* Begin PBXNativeTarget section */
		8F53FA51249177B100BBFB99 /* Classes */ = {
			isa = PBXNativeTarget;
			buildConfigurationList = 8F53FA58249177B100BBFB99 /* Build configuration list for PBXNativeTarget "Classes" */;
			buildPhases = (
				8F53FA4E249177B100BBFB99 /* Sources */,
				8F53FA4F249177B100BBFB99 /* Frameworks */,
				8F53FA50249177B100BBFB99 /* CopyFiles */,
			);
			buildRules = (
			);
			dependencies = (
			);
			name = Classes;
			productName = Classes;
			productReference = 8F53FA52249177B100BBFB99 /* Classes */;
			productType = "com.apple.product-type.tool";
		};
		8F5EF90F24709F3200075F1D /* Hangman */ = {
			isa = PBXNativeTarget;
			buildConfigurationList = 8F5EF91624709F3200075F1D /* Build configuration list for PBXNativeTarget "Hangman" */;
			buildPhases = (
				8F5EF90C24709F3200075F1D /* Sources */,
				8F5EF90D24709F3200075F1D /* Frameworks */,
				8F5EF90E24709F3200075F1D /* CopyFiles */,
			);
			buildRules = (
			);
			dependencies = (
			);
			name = Hangman;
			productName = Hangman;
			productReference = 8F5EF91024709F3200075F1D /* Hangman */;
			productType = "com.apple.product-type.tool";
		};
		8F89A94D246854DA008BD0B5 /* ObjcExample */ = {
			isa = PBXNativeTarget;
			buildConfigurationList = 8F89A955246854DA008BD0B5 /* Build configuration list for PBXNativeTarget "ObjcExample" */;
			buildPhases = (
				8F89A94A246854DA008BD0B5 /* Sources */,
				8F89A94B246854DA008BD0B5 /* Frameworks */,
				8F89A94C246854DA008BD0B5 /* CopyFiles */,
			);
			buildRules = (
			);
			dependencies = (
			);
			name = ObjcExample;
			productName = ObjcExample;
			productReference = 8F89A94E246854DA008BD0B5 /* ObjcExample */;
			productType = "com.apple.product-type.tool";
		};
/* End PBXNativeTarget section */

/* Begin PBXProject section */
		8F89A946246854DA008BD0B5 /* Project object */ = {
			isa = PBXProject;
			attributes = {
				LastUpgradeCheck = 1140;
				ORGANIZATIONNAME = "Vinicius Moreira Leal";
				TargetAttributes = {
					8F53FA51249177B100BBFB99 = {
						CreatedOnToolsVersion = 11.5;
					};
					8F5EF90F24709F3200075F1D = {
						CreatedOnToolsVersion = 11.1;
					};
					8F89A94D246854DA008BD0B5 = {
						CreatedOnToolsVersion = 11.3.1;
					};
				};
			};
			buildConfigurationList = 8F89A949246854DA008BD0B5 /* Build configuration list for PBXProject "ObjcExample" */;
			compatibilityVersion = "Xcode 9.3";
			developmentRegion = en;
			hasScannedForEncodings = 0;
			knownRegions = (
				en,
				Base,
			);
			mainGroup = 8F89A945246854DA008BD0B5;
			productRefGroup = 8F89A94F246854DA008BD0B5 /* Products */;
			projectDirPath = "";
			projectRoot = "";
			targets = (
				8F89A94D246854DA008BD0B5 /* ObjcExample */,
				8F5EF90F24709F3200075F1D /* Hangman */,
				8F53FA51249177B100BBFB99 /* Classes */,
			);
		};
/* End PBXProject section */

/* Begin PBXSourcesBuildPhase section */
		8F53FA4E249177B100BBFB99 /* Sources */ = {
			isa = PBXSourcesBuildPhase;
			buildActionMask = 2147483647;
			files = (
				8F53FA5B249177CA00BBFB99 /* Person.m in Sources */,
				8F53FA55249177B100BBFB99 /* main.m in Sources */,
			);
			runOnlyForDeploymentPostprocessing = 0;
		};
		8F5EF90C24709F3200075F1D /* Sources */ = {
			isa = PBXSourcesBuildPhase;
			buildActionMask = 2147483647;
			files = (
				8F5EF91324709F3200075F1D /* main.m in Sources */,
			);
			runOnlyForDeploymentPostprocessing = 0;
		};
		8F89A94A246854DA008BD0B5 /* Sources */ = {
			isa = PBXSourcesBuildPhase;
			buildActionMask = 2147483647;
			files = (
				8FE6844A24733A0900061561 /* Person.m in Sources */,
				8F89A952246854DA008BD0B5 /* main.m in Sources */,
			);
			runOnlyForDeploymentPostprocessing = 0;
		};
/* End PBXSourcesBuildPhase section */

/* Begin XCBuildConfiguration section */
		8F53FA56249177B100BBFB99 /* Debug */ = {
			isa = XCBuildConfiguration;
			buildSettings = {
				CODE_SIGN_STYLE = Automatic;
				DEVELOPMENT_TEAM = 3SNY4A7B39;
				ENABLE_HARDENED_RUNTIME = YES;
				PRODUCT_NAME = "$(TARGET_NAME)";
			};
			name = Debug;
		};
		8F53FA57249177B100BBFB99 /* Release */ = {
			isa = XCBuildConfiguration;
			buildSettings = {
				CODE_SIGN_STYLE = Automatic;
				DEVELOPMENT_TEAM = 3SNY4A7B39;
				ENABLE_HARDENED_RUNTIME = YES;
				PRODUCT_NAME = "$(TARGET_NAME)";
			};
			name = Release;
		};
		8F5EF91424709F3200075F1D /* Debug */ = {
			isa = XCBuildConfiguration;
			buildSettings = {
				CODE_SIGN_IDENTITY = "-";
				CODE_SIGN_STYLE = Automatic;
				DEVELOPMENT_TEAM = 3SNY4A7B39;
				ENABLE_HARDENED_RUNTIME = YES;
				PRODUCT_NAME = "$(TARGET_NAME)";
			};
			name = Debug;
		};
		8F5EF91524709F3200075F1D /* Release */ = {
			isa = XCBuildConfiguration;
			buildSettings = {
				CODE_SIGN_IDENTITY = "-";
				CODE_SIGN_STYLE = Automatic;
				DEVELOPMENT_TEAM = 3SNY4A7B39;
				ENABLE_HARDENED_RUNTIME = YES;
				PRODUCT_NAME = "$(TARGET_NAME)";
			};
			name = Release;
		};
		8F89A953246854DA008BD0B5 /* Debug */ = {
			isa = XCBuildConfiguration;
			buildSettings = {
				ALWAYS_SEARCH_USER_PATHS = NO;
				CLANG_ANALYZER_NONNULL = YES;
				CLANG_ANALYZER_NUMBER_OBJECT_CONVERSION = YES_AGGRESSIVE;
				CLANG_CXX_LANGUAGE_STANDARD = "gnu++14";
				CLANG_CXX_LIBRARY = "libc++";
				CLANG_ENABLE_MODULES = YES;
				CLANG_ENABLE_OBJC_ARC = YES;
				CLANG_ENABLE_OBJC_WEAK = YES;
				CLANG_WARN_BLOCK_CAPTURE_AUTORELEASING = YES;
				CLANG_WARN_BOOL_CONVERSION = YES;
				CLANG_WARN_COMMA = YES;
				CLANG_WARN_CONSTANT_CONVERSION = YES;
				CLANG_WARN_DEPRECATED_OBJC_IMPLEMENTATIONS = YES;
				CLANG_WARN_DIRECT_OBJC_ISA_USAGE = YES_ERROR;
				CLANG_WARN_DOCUMENTATION_COMMENTS = YES;
				CLANG_WARN_EMPTY_BODY = YES;
				CLANG_WARN_ENUM_CONVERSION = YES;
				CLANG_WARN_INFINITE_RECURSION = YES;
				CLANG_WARN_INT_CONVERSION = YES;
				CLANG_WARN_NON_LITERAL_NULL_CONVERSION = YES;
				CLANG_WARN_OBJC_IMPLICIT_RETAIN_SELF = YES;
				CLANG_WARN_OBJC_LITERAL_CONVERSION = YES;
				CLANG_WARN_OBJC_ROOT_CLASS = YES_ERROR;
				CLANG_WARN_RANGE_LOOP_ANALYSIS = YES;
				CLANG_WARN_STRICT_PROTOTYPES = YES;
				CLANG_WARN_SUSPICIOUS_MOVE = YES;
				CLANG_WARN_UNGUARDED_AVAILABILITY = YES_AGGRESSIVE;
				CLANG_WARN_UNREACHABLE_CODE = YES;
				CLANG_WARN__DUPLICATE_METHOD_MATCH = YES;
				COPY_PHASE_STRIP = NO;
				DEBUG_INFORMATION_FORMAT = dwarf;
				ENABLE_STRICT_OBJC_MSGSEND = YES;
				ENABLE_TESTABILITY = YES;
				GCC_C_LANGUAGE_STANDARD = gnu11;
				GCC_DYNAMIC_NO_PIC = NO;
				GCC_NO_COMMON_BLOCKS = YES;
				GCC_OPTIMIZATION_LEVEL = 0;
				GCC_PREPROCESSOR_DEFINITIONS = (
					"DEBUG=1",
					"$(inherited)",
				);
				GCC_TREAT_WARNINGS_AS_ERRORS = YES;
				GCC_WARN_64_TO_32_BIT_CONVERSION = YES;
				GCC_WARN_ABOUT_RETURN_TYPE = YES_ERROR;
				GCC_WARN_UNDECLARED_SELECTOR = YES;
				GCC_WARN_UNINITIALIZED_AUTOS = YES_AGGRESSIVE;
				GCC_WARN_UNUSED_FUNCTION = YES;
				GCC_WARN_UNUSED_VARIABLE = YES;
				MACOSX_DEPLOYMENT_TARGET = 10.15;
				MTL_ENABLE_DEBUG_INFO = INCLUDE_SOURCE;
				MTL_FAST_MATH = YES;
				ONLY_ACTIVE_ARCH = YES;
				SDKROOT = macosx;
			};
			name = Debug;
		};
		8F89A954246854DA008BD0B5 /* Release */ = {
			isa = XCBuildConfiguration;
			buildSettings = {
				ALWAYS_SEARCH_USER_PATHS = NO;
				CLANG_ANALYZER_NONNULL = YES;
				CLANG_ANALYZER_NUMBER_OBJECT_CONVERSION = YES_AGGRESSIVE;
				CLANG_CXX_LANGUAGE_STANDARD = "gnu++14";
				CLANG_CXX_LIBRARY = "libc++";
				CLANG_ENABLE_MODULES = YES;
				CLANG_ENABLE_OBJC_ARC = YES;
				CLANG_ENABLE_OBJC_WEAK = YES;
				CLANG_WARN_BLOCK_CAPTURE_AUTORELEASING = YES;
				CLANG_WARN_BOOL_CONVERSION = YES;
				CLANG_WARN_COMMA = YES;
				CLANG_WARN_CONSTANT_CONVERSION = YES;
				CLANG_WARN_DEPRECATED_OBJC_IMPLEMENTATIONS = YES;
				CLANG_WARN_DIRECT_OBJC_ISA_USAGE = YES_ERROR;
				CLANG_WARN_DOCUMENTATION_COMMENTS = YES;
				CLANG_WARN_EMPTY_BODY = YES;
				CLANG_WARN_ENUM_CONVERSION = YES;
				CLANG_WARN_INFINITE_RECURSION = YES;
				CLANG_WARN_INT_CONVERSION = YES;
				CLANG_WARN_NON_LITERAL_NULL_CONVERSION = YES;
				CLANG_WARN_OBJC_IMPLICIT_RETAIN_SELF = YES;
				CLANG_WARN_OBJC_LITERAL_CONVERSION = YES;
				CLANG_WARN_OBJC_ROOT_CLASS = YES_ERROR;
				CLANG_WARN_RANGE_LOOP_ANALYSIS = YES;
				CLANG_WARN_STRICT_PROTOTYPES = YES;
				CLANG_WARN_SUSPICIOUS_MOVE = YES;
				CLANG_WARN_UNGUARDED_AVAILABILITY = YES_AGGRESSIVE;
				CLANG_WARN_UNREACHABLE_CODE = YES;
				CLANG_WARN__DUPLICATE_METHOD_MATCH = YES;
				COPY_PHASE_STRIP = NO;
				DEBUG_INFORMATION_FORMAT = "dwarf-with-dsym";
				ENABLE_NS_ASSERTIONS = NO;
				ENABLE_STRICT_OBJC_MSGSEND = YES;
				GCC_C_LANGUAGE_STANDARD = gnu11;
				GCC_NO_COMMON_BLOCKS = YES;
				GCC_TREAT_WARNINGS_AS_ERRORS = YES;
				GCC_WARN_64_TO_32_BIT_CONVERSION = YES;
				GCC_WARN_ABOUT_RETURN_TYPE = YES_ERROR;
				GCC_WARN_UNDECLARED_SELECTOR = YES;
				GCC_WARN_UNINITIALIZED_AUTOS = YES_AGGRESSIVE;
				GCC_WARN_UNUSED_FUNCTION = YES;
				GCC_WARN_UNUSED_VARIABLE = YES;
				MACOSX_DEPLOYMENT_TARGET = 10.15;
				MTL_ENABLE_DEBUG_INFO = NO;
				MTL_FAST_MATH = YES;
				SDKROOT = macosx;
			};
			name = Release;
		};
		8F89A956246854DA008BD0B5 /* Debug */ = {
			isa = XCBuildConfiguration;
			buildSettings = {
				CODE_SIGN_IDENTITY = "-";
				CODE_SIGN_STYLE = Automatic;
				DEVELOPMENT_TEAM = 3SNY4A7B39;
				ENABLE_HARDENED_RUNTIME = YES;
				PRODUCT_NAME = "$(TARGET_NAME)";
			};
			name = Debug;
		};
		8F89A957246854DA008BD0B5 /* Release */ = {
			isa = XCBuildConfiguration;
			buildSettings = {
				CODE_SIGN_IDENTITY = "-";
				CODE_SIGN_STYLE = Automatic;
				DEVELOPMENT_TEAM = 3SNY4A7B39;
				ENABLE_HARDENED_RUNTIME = YES;
				PRODUCT_NAME = "$(TARGET_NAME)";
			};
			name = Release;
		};
/* End XCBuildConfiguration section */

/* Begin XCConfigurationList section */
		8F53FA58249177B100BBFB99 /* Build configuration list for PBXNativeTarget "Classes" */ = {
			isa = XCConfigurationList;
			buildConfigurations = (
				8F53FA56249177B100BBFB99 /* Debug */,
				8F53FA57249177B100BBFB99 /* Release */,
			);
			defaultConfigurationIsVisible = 0;
			defaultConfigurationName = Release;
		};
		8F5EF91624709F3200075F1D /* Build configuration list for PBXNativeTarget "Hangman" */ = {
			isa = XCConfigurationList;
			buildConfigurations = (
				8F5EF91424709F3200075F1D /* Debug */,
				8F5EF91524709F3200075F1D /* Release */,
			);
			defaultConfigurationIsVisible = 0;
			defaultConfigurationName = Release;
		};
		8F89A949246854DA008BD0B5 /* Build configuration list for PBXProject "ObjcExample" */ = {
			isa = XCConfigurationList;
			buildConfigurations = (
				8F89A953246854DA008BD0B5 /* Debug */,
				8F89A954246854DA008BD0B5 /* Release */,
			);
			defaultConfigurationIsVisible = 0;
			defaultConfigurationName = Release;
		};
		8F89A955246854DA008BD0B5 /* Build configuration list for PBXNativeTarget "ObjcExample" */ = {
			isa = XCConfigurationList;
			buildConfigurations = (
				8F89A956246854DA008BD0B5 /* Debug */,
				8F89A957246854DA008BD0B5 /* Release */,
			);
			defaultConfigurationIsVisible = 0;
			defaultConfigurationName = Release;
		};
/* End XCConfigurationList section */
	};
	rootObject = 8F89A946246854DA008BD0B5 /* Project object */;
}
